
Microsoft Visual Studio Solution File, Format Version 12.00
# Visual Studio Version 17
VisualStudioVersion = 17.10.35122.118
MinimumVisualStudioVersion = 10.0.40219.1
Project("{FAE04EC0-301F-11D3-BF4B-00C04F79EFBC}") = "Data_FishingBee", "Data_FishingBee\Data_FishingBee.csproj", "{790F1312-18D8-483C-828D-60F009BC81FA}"
EndProject
Project("{FAE04EC0-301F-11D3-BF4B-00C04F79EFBC}") = "FishingBee_CounterSales", "FishingBee_CounterSales\FishingBee_CounterSales.csproj", "{C5E4144D-71A7-4673-8CC6-95E87A64A06F}"
EndProject
Project("{FAE04EC0-301F-11D3-BF4B-00C04F79EFBC}") = "FishingBee_WebStore", "FishingBee_WebStore\FishingBee_WebStore.csproj", "{666F473E-CBCA-4B61-92DD-9853D5320623}"
EndProject
Global
	GlobalSection(SolutionConfigurationPlatforms) = preSolution
		Debug|Any CPU = Debug|Any CPU
		Release|Any CPU = Release|Any CPU
	EndGlobalSection
	GlobalSection(ProjectConfigurationPlatforms) = postSolution
		{790F1312-18D8-483C-828D-60F009BC81FA}.Debug|Any CPU.ActiveCfg = Debug|Any CPU
		{790F1312-18D8-483C-828D-60F009BC81FA}.Debug|Any CPU.Build.0 = Debug|Any CPU
		{790F1312-18D8-483C-828D-60F009BC81FA}.Release|Any CPU.ActiveCfg = Release|Any CPU
		{790F1312-18D8-483C-828D-60F009BC81FA}.Release|Any CPU.Build.0 = Release|Any CPU
		{C5E4144D-71A7-4673-8CC6-95E87A64A06F}.Debug|Any CPU.ActiveCfg = Debug|Any CPU
		{C5E4144D-71A7-4673-8CC6-95E87A64A06F}.Debug|Any CPU.Build.0 = Debug|Any CPU
		{C5E4144D-71A7-4673-8CC6-95E87A64A06F}.Release|Any CPU.ActiveCfg = Release|Any CPU
		{C5E4144D-71A7-4673-8CC6-95E87A64A06F}.Release|Any CPU.Build.0 = Release|Any CPU
		{666F473E-CBCA-4B61-92DD-9853D5320623}.Debug|Any CPU.ActiveCfg = Debug|Any CPU
		{666F473E-CBCA-4B61-92DD-9853D5320623}.Debug|Any CPU.Build.0 = Debug|Any CPU
		{666F473E-CBCA-4B61-92DD-9853D5320623}.Release|Any CPU.ActiveCfg = Release|Any CPU
		{666F473E-CBCA-4B61-92DD-9853D5320623}.Release|Any CPU.Build.0 = Release|Any CPU
	EndGlobalSection
	GlobalSection(SolutionProperties) = preSolution
		HideSolutionNode = FALSE
	EndGlobalSection
	GlobalSection(ExtensibilityGlobals) = postSolution
		SolutionGuid = {443CCDFC-7D23-452F-A0D7-997B92DBE78C}
	EndGlobalSection
EndGlobal
